
Microsoft Visual Studio Solution File, Format Version 12.00
# Visual Studio Version 17
VisualStudioVersion = 17.11.35327.3
MinimumVisualStudioVersion = 10.0.40219.1
Project("{FAE04EC0-301F-11D3-BF4B-00C04F79EFBC}") = "TheReactWatcher", "TheReactWatcher\TheReactWatcher.csproj", "{F4299E8C-326C-489B-897D-14B99672AA9C}"
EndProject
Global
	GlobalSection(SolutionConfigurationPlatforms) = preSolution
		Debug|Any CPU = Debug|Any CPU
		Release|Any CPU = Release|Any CPU
	EndGlobalSection
	GlobalSection(ProjectConfigurationPlatforms) = postSolution
		{F4299E8C-326C-489B-897D-14B99672AA9C}.Debug|Any CPU.ActiveCfg = Debug|Any CPU
		{F4299E8C-326C-489B-897D-14B99672AA9C}.Debug|Any CPU.Build.0 = Debug|Any CPU
		{F4299E8C-326C-489B-897D-14B99672AA9C}.Release|Any CPU.ActiveCfg = Release|Any CPU
		{F4299E8C-326C-489B-897D-14B99672AA9C}.Release|Any CPU.Build.0 = Release|Any CPU
	EndGlobalSection
	GlobalSection(SolutionProperties) = preSolution
		HideSolutionNode = FALSE
	EndGlobalSection
	GlobalSection(ExtensibilityGlobals) = postSolution
		SolutionGuid = {BEAD4E45-E02D-4490-BB99-0A2FEE2CD292}
	EndGlobalSection
EndGlobal
